// !$*UTF8*$!
{
	archiveVersion = 1;
	classes = {
	};
	objectVersion = 50;
	objects = {

/* Begin PBXBuildFile section */
		A4A7741C223FC1D200B68BA2 /* DetailsVC.swift in Sources */ = {isa = PBXBuildFile; fileRef = A4A7741B223FC1D200B68BA2 /* DetailsVC.swift */; };
		A4A9C348223CF37500B5DCAF /* AppDelegate.swift in Sources */ = {isa = PBXBuildFile; fileRef = A4A9C347223CF37500B5DCAF /* AppDelegate.swift */; };
		A4A9C34D223CF37500B5DCAF /* Main.storyboard in Resources */ = {isa = PBXBuildFile; fileRef = A4A9C34B223CF37500B5DCAF /* Main.storyboard */; };
		A4A9C34F223CF37500B5DCAF /* Assets.xcassets in Resources */ = {isa = PBXBuildFile; fileRef = A4A9C34E223CF37500B5DCAF /* Assets.xcassets */; };
		A4A9C352223CF37500B5DCAF /* LaunchScreen.storyboard in Resources */ = {isa = PBXBuildFile; fileRef = A4A9C350223CF37500B5DCAF /* LaunchScreen.storyboard */; };
		A4A9C35E223CF3CA00B5DCAF /* MovieMainPage.swift in Sources */ = {isa = PBXBuildFile; fileRef = A4A9C35D223CF3CA00B5DCAF /* MovieMainPage.swift */; };
		A4C8EBC62240BB21003E94DB /* CellForDetails.swift in Sources */ = {isa = PBXBuildFile; fileRef = A4C8EBC52240BB21003E94DB /* CellForDetails.swift */; };
		A4C8EBC82240BECE003E94DB /* BasicStructure.swift in Sources */ = {isa = PBXBuildFile; fileRef = A4C8EBC72240BECE003E94DB /* BasicStructure.swift */; };
		A4C8EBCA2240EC3A003E94DB /* ExtensionClass.swift in Sources */ = {isa = PBXBuildFile; fileRef = A4C8EBC92240EC3A003E94DB /* ExtensionClass.swift */; };
		FBCD71AF74D68749394055A5 /* Pods_MovieTime.framework in Frameworks */ = {isa = PBXBuildFile; fileRef = BF431959803D8AFE5AC77534 /* Pods_MovieTime.framework */; };
/* End PBXBuildFile section */

/* Begin PBXFileReference section */
		A4A7741B223FC1D200B68BA2 /* DetailsVC.swift */ = {isa = PBXFileReference; lastKnownFileType = sourcecode.swift; path = DetailsVC.swift; sourceTree = "<group>"; };
		A4A9C344223CF37500B5DCAF /* MovieTime.app */ = {isa = PBXFileReference; explicitFileType = wrapper.application; includeInIndex = 0; path = MovieTime.app; sourceTree = BUILT_PRODUCTS_DIR; };
		A4A9C347223CF37500B5DCAF /* AppDelegate.swift */ = {isa = PBXFileReference; lastKnownFileType = sourcecode.swift; path = AppDelegate.swift; sourceTree = "<group>"; };
		A4A9C34C223CF37500B5DCAF /* Base */ = {isa = PBXFileReference; lastKnownFileType = file.storyboard; name = Base; path = Base.lproj/Main.storyboard; sourceTree = "<group>"; };
		A4A9C34E223CF37500B5DCAF /* Assets.xcassets */ = {isa = PBXFileReference; lastKnownFileType = folder.assetcatalog; path = Assets.xcassets; sourceTree = "<group>"; };
		A4A9C351223CF37500B5DCAF /* Base */ = {isa = PBXFileReference; lastKnownFileType = file.storyboard; name = Base; path = Base.lproj/LaunchScreen.storyboard; sourceTree = "<group>"; };
		A4A9C353223CF37500B5DCAF /* Info.plist */ = {isa = PBXFileReference; lastKnownFileType = text.plist.xml; path = Info.plist; sourceTree = "<group>"; };
		A4A9C35D223CF3CA00B5DCAF /* MovieMainPage.swift */ = {isa = PBXFileReference; lastKnownFileType = sourcecode.swift; path = MovieMainPage.swift; sourceTree = "<group>"; };
		A4C8EBC52240BB21003E94DB /* CellForDetails.swift */ = {isa = PBXFileReference; lastKnownFileType = sourcecode.swift; path = CellForDetails.swift; sourceTree = "<group>"; };
		A4C8EBC72240BECE003E94DB /* BasicStructure.swift */ = {isa = PBXFileReference; lastKnownFileType = sourcecode.swift; path = BasicStructure.swift; sourceTree = "<group>"; };
		A4C8EBC92240EC3A003E94DB /* ExtensionClass.swift */ = {isa = PBXFileReference; lastKnownFileType = sourcecode.swift; path = ExtensionClass.swift; sourceTree = "<group>"; };
		B31A18710E976DFD8712604B /* Pods-MovieTime.debug.xcconfig */ = {isa = PBXFileReference; includeInIndex = 1; lastKnownFileType = text.xcconfig; name = "Pods-MovieTime.debug.xcconfig"; path = "Pods/Target Support Files/Pods-MovieTime/Pods-MovieTime.debug.xcconfig"; sourceTree = "<group>"; };
		BF431959803D8AFE5AC77534 /* Pods_MovieTime.framework */ = {isa = PBXFileReference; explicitFileType = wrapper.framework; includeInIndex = 0; path = Pods_MovieTime.framework; sourceTree = BUILT_PRODUCTS_DIR; };
		DA853663C57A656522F8270F /* Pods-MovieTime.release.xcconfig */ = {isa = PBXFileReference; includeInIndex = 1; lastKnownFileType = text.xcconfig; name = "Pods-MovieTime.release.xcconfig"; path = "Pods/Target Support Files/Pods-MovieTime/Pods-MovieTime.release.xcconfig"; sourceTree = "<group>"; };
/* End PBXFileReference section */

/* Begin PBXFrameworksBuildPhase section */
		A4A9C341223CF37500B5DCAF /* Frameworks */ = {
			isa = PBXFrameworksBuildPhase;
			buildActionMask = 2147483647;
			files = (
				FBCD71AF74D68749394055A5 /* Pods_MovieTime.framework in Frameworks */,
			);
			runOnlyForDeploymentPostprocessing = 0;
		};
/* End PBXFrameworksBuildPhase section */

/* Begin PBXGroup section */
		86F221A4D498E9D2697FBB51 /* Frameworks */ = {
			isa = PBXGroup;
			children = (
				BF431959803D8AFE5AC77534 /* Pods_MovieTime.framework */,
			);
			name = Frameworks;
			sourceTree = "<group>";
		};
		9C648FE07EE3F0221A9AFADE /* Pods */ = {
			isa = PBXGroup;
			children = (
				B31A18710E976DFD8712604B /* Pods-MovieTime.debug.xcconfig */,
				DA853663C57A656522F8270F /* Pods-MovieTime.release.xcconfig */,
			);
			name = Pods;
			sourceTree = "<group>";
		};
		A4A9C33B223CF37500B5DCAF = {
			isa = PBXGroup;
			children = (
				A4A9C346223CF37500B5DCAF /* MovieTime */,
				A4A9C345223CF37500B5DCAF /* Products */,
				9C648FE07EE3F0221A9AFADE /* Pods */,
				86F221A4D498E9D2697FBB51 /* Frameworks */,
			);
			sourceTree = "<group>";
		};
		A4A9C345223CF37500B5DCAF /* Products */ = {
			isa = PBXGroup;
			children = (
				A4A9C344223CF37500B5DCAF /* MovieTime.app */,
			);
			name = Products;
			sourceTree = "<group>";
		};
		A4A9C346223CF37500B5DCAF /* MovieTime */ = {
			isa = PBXGroup;
			children = (
				A4A9C35C223CF39D00B5DCAF /* Controller */,
				A4A9C35B223CF39700B5DCAF /* View */,
				A4A9C35A223CF39000B5DCAF /* Model */,
				A4A9C347223CF37500B5DCAF /* AppDelegate.swift */,
				A4A9C34E223CF37500B5DCAF /* Assets.xcassets */,
				A4A9C350223CF37500B5DCAF /* LaunchScreen.storyboard */,
				A4A9C353223CF37500B5DCAF /* Info.plist */,
			);
			path = MovieTime;
			sourceTree = "<group>";
		};
		A4A9C35A223CF39000B5DCAF /* Model */ = {
			isa = PBXGroup;
			children = (
				A4C8EBC52240BB21003E94DB /* CellForDetails.swift */,
				A4C8EBC72240BECE003E94DB /* BasicStructure.swift */,
			);
			path = Model;
			sourceTree = "<group>";
		};
		A4A9C35B223CF39700B5DCAF /* View */ = {
			isa = PBXGroup;
			children = (
				A4A9C34B223CF37500B5DCAF /* Main.storyboard */,
			);
			path = View;
			sourceTree = "<group>";
		};
		A4A9C35C223CF39D00B5DCAF /* Controller */ = {
			isa = PBXGroup;
			children = (
				A4A9C35D223CF3CA00B5DCAF /* MovieMainPage.swift */,
				A4A7741B223FC1D200B68BA2 /* DetailsVC.swift */,
				A4C8EBC92240EC3A003E94DB /* ExtensionClass.swift */,
			);
			path = Controller;
			sourceTree = "<group>";
		};
/* End PBXGroup section */

/* Begin PBXNativeTarget section */
		A4A9C343223CF37500B5DCAF /* MovieTime */ = {
			isa = PBXNativeTarget;
			buildConfigurationList = A4A9C356223CF37500B5DCAF /* Build configuration list for PBXNativeTarget "MovieTime" */;
			buildPhases = (
				67457F61131CAFB7A4F84757 /* [CP] Check Pods Manifest.lock */,
				A4A9C340223CF37500B5DCAF /* Sources */,
				A4A9C341223CF37500B5DCAF /* Frameworks */,
				A4A9C342223CF37500B5DCAF /* Resources */,
				D6BF65CC6E001253CF51879E /* [CP] Embed Pods Frameworks */,
			);
			buildRules = (
			);
			dependencies = (
			);
			name = MovieTime;
			productName = MovieTime;
			productReference = A4A9C344223CF37500B5DCAF /* MovieTime.app */;
			productType = "com.apple.product-type.application";
		};
/* End PBXNativeTarget section */

/* Begin PBXProject section */
		A4A9C33C223CF37500B5DCAF /* Project object */ = {
			isa = PBXProject;
			attributes = {
				LastSwiftUpdateCheck = 1010;
				LastUpgradeCheck = 1010;
				ORGANIZATIONNAME = AAGroup;
				TargetAttributes = {
					A4A9C343223CF37500B5DCAF = {
						CreatedOnToolsVersion = 10.1;
					};
				};
			};
			buildConfigurationList = A4A9C33F223CF37500B5DCAF /* Build configuration list for PBXProject "MovieTime" */;
			compatibilityVersion = "Xcode 9.3";
			developmentRegion = en;
			hasScannedForEncodings = 0;
			knownRegions = (
				en,
				Base,
			);
			mainGroup = A4A9C33B223CF37500B5DCAF;
			productRefGroup = A4A9C345223CF37500B5DCAF /* Products */;
			projectDirPath = "";
			projectRoot = "";
			targets = (
				A4A9C343223CF37500B5DCAF /* MovieTime */,
			);
		};
/* End PBXProject section */

/* Begin PBXResourcesBuildPhase section */
		A4A9C342223CF37500B5DCAF /* Resources */ = {
			isa = PBXResourcesBuildPhase;
			buildActionMask = 2147483647;
			files = (
				A4A9C352223CF37500B5DCAF /* LaunchScreen.storyboard in Resources */,
				A4A9C34F223CF37500B5DCAF /* Assets.xcassets in Resources */,
				A4A9C34D223CF37500B5DCAF /* Main.storyboard in Resources */,
			);
			runOnlyForDeploymentPostprocessing = 0;
		};
/* End PBXResourcesBuildPhase section */

/* Begin PBXShellScriptBuildPhase section */
		67457F61131CAFB7A4F84757 /* [CP] Check Pods Manifest.lock */ = {
			isa = PBXShellScriptBuildPhase;
			buildActionMask = 2147483647;
			files = (
			);
			inputPaths = (
				"${PODS_PODFILE_DIR_PATH}/Podfile.lock",
				"${PODS_ROOT}/Manifest.lock",
			);
			name = "[CP] Check Pods Manifest.lock";
			outputPaths = (
				"$(DERIVED_FILE_DIR)/Pods-MovieTime-checkManifestLockResult.txt",
			);
			runOnlyForDeploymentPostprocessing = 0;
			shellPath = /bin/sh;
			shellScript = "diff \"${PODS_PODFILE_DIR_PATH}/Podfile.lock\" \"${PODS_ROOT}/Manifest.lock\" > /dev/null\nif [ $? != 0 ] ; then\n    # print error to STDERR\n    echo \"error: The sandbox is not in sync with the Podfile.lock. Run 'pod install' or update your CocoaPods installation.\" >&2\n    exit 1\nfi\n# This output is used by Xcode 'outputs' to avoid re-running this script phase.\necho \"SUCCESS\" > \"${SCRIPT_OUTPUT_FILE_0}\"\n";
			showEnvVarsInLog = 0;
		};
		D6BF65CC6E001253CF51879E /* [CP] Embed Pods Frameworks */ = {
			isa = PBXShellScriptBuildPhase;
			buildActionMask = 2147483647;
			files = (
			);
			inputPaths = (
				"${SRCROOT}/Pods/Target Support Files/Pods-MovieTime/Pods-MovieTime-frameworks.sh",
				"${BUILT_PRODUCTS_DIR}/Alamofire/Alamofire.framework",
				"${BUILT_PRODUCTS_DIR}/AlamofireImage/AlamofireImage.framework",
				"${BUILT_PRODUCTS_DIR}/SwiftyJSON/SwiftyJSON.framework",
			);
			name = "[CP] Embed Pods Frameworks";
			outputPaths = (
				"${TARGET_BUILD_DIR}/${FRAMEWORKS_FOLDER_PATH}/Alamofire.framework",
				"${TARGET_BUILD_DIR}/${FRAMEWORKS_FOLDER_PATH}/AlamofireImage.framework",
				"${TARGET_BUILD_DIR}/${FRAMEWORKS_FOLDER_PATH}/SwiftyJSON.framework",
			);
			runOnlyForDeploymentPostprocessing = 0;
			shellPath = /bin/sh;
			shellScript = "\"${SRCROOT}/Pods/Target Support Files/Pods-MovieTime/Pods-MovieTime-frameworks.sh\"\n";
			showEnvVarsInLog = 0;
		};
/* End PBXShellScriptBuildPhase section */

/* Begin PBXSourcesBuildPhase section */
		A4A9C340223CF37500B5DCAF /* Sources */ = {
			isa = PBXSourcesBuildPhase;
			buildActionMask = 2147483647;
			files = (
				A4C8EBC62240BB21003E94DB /* CellForDetails.swift in Sources */,
				A4C8EBC82240BECE003E94DB /* BasicStructure.swift in Sources */,
				A4C8EBCA2240EC3A003E94DB /* ExtensionClass.swift in Sources */,
				A4A7741C223FC1D200B68BA2 /* DetailsVC.swift in Sources */,
				A4A9C35E223CF3CA00B5DCAF /* MovieMainPage.swift in Sources */,
				A4A9C348223CF37500B5DCAF /* AppDelegate.swift in Sources */,
			);
			runOnlyForDeploymentPostprocessing = 0;
		};
/* End PBXSourcesBuildPhase section */

/* Begin PBXVariantGroup section */
		A4A9C34B223CF37500B5DCAF /* Main.storyboard */ = {
			isa = PBXVariantGroup;
			children = (
				A4A9C34C223CF37500B5DCAF /* Base */,
			);
			name = Main.storyboard;
			sourceTree = "<group>";
		};
		A4A9C350223CF37500B5DCAF /* LaunchScreen.storyboard */ = {
			isa = PBXVariantGroup;
			children = (
				A4A9C351223CF37500B5DCAF /* Base */,
			);
			name = LaunchScreen.storyboard;
			sourceTree = "<group>";
		};
/* End PBXVariantGroup section */

/* Begin XCBuildConfiguration section */
		A4A9C354223CF37500B5DCAF /* Debug */ = {
			isa = XCBuildConfiguration;
			buildSettings = {
				ALWAYS_SEARCH_USER_PATHS = NO;
				CLANG_ANALYZER_NONNULL = YES;
				CLANG_ANALYZER_NUMBER_OBJECT_CONVERSION = YES_AGGRESSIVE;
				CLANG_CXX_LANGUAGE_STANDARD = "gnu++14";
				CLANG_CXX_LIBRARY = "libc++";
				CLANG_ENABLE_MODULES = YES;
				CLANG_ENABLE_OBJC_ARC = YES;
				CLANG_ENABLE_OBJC_WEAK = YES;
				CLANG_WARN_BLOCK_CAPTURE_AUTORELEASING = YES;
				CLANG_WARN_BOOL_CONVERSION = YES;
				CLANG_WARN_COMMA = YES;
				CLANG_WARN_CONSTANT_CONVERSION = YES;
				CLANG_WARN_DEPRECATED_OBJC_IMPLEMENTATIONS = YES;
				CLANG_WARN_DIRECT_OBJC_ISA_USAGE = YES_ERROR;
				CLANG_WARN_DOCUMENTATION_COMMENTS = YES;
				CLANG_WARN_EMPTY_BODY = YES;
				CLANG_WARN_ENUM_CONVERSION = YES;
				CLANG_WARN_INFINITE_RECURSION = YES;
				CLANG_WARN_INT_CONVERSION = YES;
				CLANG_WARN_NON_LITERAL_NULL_CONVERSION = YES;
				CLANG_WARN_OBJC_IMPLICIT_RETAIN_SELF = YES;
				CLANG_WARN_OBJC_LITERAL_CONVERSION = YES;
				CLANG_WARN_OBJC_ROOT_CLASS = YES_ERROR;
				CLANG_WARN_RANGE_LOOP_ANALYSIS = YES;
				CLANG_WARN_STRICT_PROTOTYPES = YES;
				CLANG_WARN_SUSPICIOUS_MOVE = YES;
				CLANG_WARN_UNGUARDED_AVAILABILITY = YES_AGGRESSIVE;
				CLANG_WARN_UNREACHABLE_CODE = YES;
				CLANG_WARN__DUPLICATE_METHOD_MATCH = YES;
				CODE_SIGN_IDENTITY = "iPhone Developer";
				COPY_PHASE_STRIP = NO;
				DEBUG_INFORMATION_FORMAT = dwarf;
				ENABLE_STRICT_OBJC_MSGSEND = YES;
				ENABLE_TESTABILITY = YES;
				GCC_C_LANGUAGE_STANDARD = gnu11;
				GCC_DYNAMIC_NO_PIC = NO;
				GCC_NO_COMMON_BLOCKS = YES;
				GCC_OPTIMIZATION_LEVEL = 0;
				GCC_PREPROCESSOR_DEFINITIONS = (
					"DEBUG=1",
					"$(inherited)",
				);
				GCC_WARN_64_TO_32_BIT_CONVERSION = YES;
				GCC_WARN_ABOUT_RETURN_TYPE = YES_ERROR;
				GCC_WARN_UNDECLARED_SELECTOR = YES;
				GCC_WARN_UNINITIALIZED_AUTOS = YES_AGGRESSIVE;
				GCC_WARN_UNUSED_FUNCTION = YES;
				GCC_WARN_UNUSED_VARIABLE = YES;
				IPHONEOS_DEPLOYMENT_TARGET = 12.1;
				MTL_ENABLE_DEBUG_INFO = INCLUDE_SOURCE;
				MTL_FAST_MATH = YES;
				ONLY_ACTIVE_ARCH = YES;
				SDKROOT = iphoneos;
				SWIFT_ACTIVE_COMPILATION_CONDITIONS = DEBUG;
				SWIFT_OPTIMIZATION_LEVEL = "-Onone";
			};
			name = Debug;
		};
		A4A9C355223CF37500B5DCAF /* Release */ = {
			isa = XCBuildConfiguration;
			buildSettings = {
				ALWAYS_SEARCH_USER_PATHS = NO;
				CLANG_ANALYZER_NONNULL = YES;
				CLANG_ANALYZER_NUMBER_OBJECT_CONVERSION = YES_AGGRESSIVE;
				CLANG_CXX_LANGUAGE_STANDARD = "gnu++14";
				CLANG_CXX_LIBRARY = "libc++";
				CLANG_ENABLE_MODULES = YES;
				CLANG_ENABLE_OBJC_ARC = YES;
				CLANG_ENABLE_OBJC_WEAK = YES;
				CLANG_WARN_BLOCK_CAPTURE_AUTORELEASING = YES;
				CLANG_WARN_BOOL_CONVERSION = YES;
				CLANG_WARN_COMMA = YES;
				CLANG_WARN_CONSTANT_CONVERSION = YES;
				CLANG_WARN_DEPRECATED_OBJC_IMPLEMENTATIONS = YES;
				CLANG_WARN_DIRECT_OBJC_ISA_USAGE = YES_ERROR;
				CLANG_WARN_DOCUMENTATION_COMMENTS = YES;
				CLANG_WARN_EMPTY_BODY = YES;
				CLANG_WARN_ENUM_CONVERSION = YES;
				CLANG_WARN_INFINITE_RECURSION = YES;
				CLANG_WARN_INT_CONVERSION = YES;
				CLANG_WARN_NON_LITERAL_NULL_CONVERSION = YES;
				CLANG_WARN_OBJC_IMPLICIT_RETAIN_SELF = YES;
				CLANG_WARN_OBJC_LITERAL_CONVERSION = YES;
				CLANG_WARN_OBJC_ROOT_CLASS = YES_ERROR;
				CLANG_WARN_RANGE_LOOP_ANALYSIS = YES;
				CLANG_WARN_STRICT_PROTOTYPES = YES;
				CLANG_WARN_SUSPICIOUS_MOVE = YES;
				CLANG_WARN_UNGUARDED_AVAILABILITY = YES_AGGRESSIVE;
				CLANG_WARN_UNREACHABLE_CODE = YES;
				CLANG_WARN__DUPLICATE_METHOD_MATCH = YES;
				CODE_SIGN_IDENTITY = "iPhone Developer";
				COPY_PHASE_STRIP = NO;
				DEBUG_INFORMATION_FORMAT = "dwarf-with-dsym";
				ENABLE_NS_ASSERTIONS = NO;
				ENABLE_STRICT_OBJC_MSGSEND = YES;
				GCC_C_LANGUAGE_STANDARD = gnu11;
				GCC_NO_COMMON_BLOCKS = YES;
				GCC_WARN_64_TO_32_BIT_CONVERSION = YES;
				GCC_WARN_ABOUT_RETURN_TYPE = YES_ERROR;
				GCC_WARN_UNDECLARED_SELECTOR = YES;
				GCC_WARN_UNINITIALIZED_AUTOS = YES_AGGRESSIVE;
				GCC_WARN_UNUSED_FUNCTION = YES;
				GCC_WARN_UNUSED_VARIABLE = YES;
				IPHONEOS_DEPLOYMENT_TARGET = 12.1;
				MTL_ENABLE_DEBUG_INFO = NO;
				MTL_FAST_MATH = YES;
				SDKROOT = iphoneos;
				SWIFT_COMPILATION_MODE = wholemodule;
				SWIFT_OPTIMIZATION_LEVEL = "-O";
				VALIDATE_PRODUCT = YES;
			};
			name = Release;
		};
		A4A9C357223CF37500B5DCAF /* Debug */ = {
			isa = XCBuildConfiguration;
			baseConfigurationReference = B31A18710E976DFD8712604B /* Pods-MovieTime.debug.xcconfig */;
			buildSettings = {
				ASSETCATALOG_COMPILER_APPICON_NAME = AppIcon;
				CODE_SIGN_STYLE = Automatic;
				DEVELOPMENT_TEAM = 52L544N3N8;
				INFOPLIST_FILE = MovieTime/Info.plist;
				LD_RUNPATH_SEARCH_PATHS = (
					"$(inherited)",
					"@executable_path/Frameworks",
				);
				PRODUCT_BUNDLE_IDENTIFIER = com.AA.MovieTime;
				PRODUCT_NAME = "$(TARGET_NAME)";
				SWIFT_VERSION = 4.2;
				TARGETED_DEVICE_FAMILY = "1,2";
			};
			name = Debug;
		};
		A4A9C358223CF37500B5DCAF /* Release */ = {
			isa = XCBuildConfiguration;
			baseConfigurationReference = DA853663C57A656522F8270F /* Pods-MovieTime.release.xcconfig */;
			buildSettings = {
				ASSETCATALOG_COMPILER_APPICON_NAME = AppIcon;
				CODE_SIGN_STYLE = Automatic;
				DEVELOPMENT_TEAM = 52L544N3N8;
				INFOPLIST_FILE = MovieTime/Info.plist;
				LD_RUNPATH_SEARCH_PATHS = (
					"$(inherited)",
					"@executable_path/Frameworks",
				);
				PRODUCT_BUNDLE_IDENTIFIER = com.AA.MovieTime;
				PRODUCT_NAME = "$(TARGET_NAME)";
				SWIFT_VERSION = 4.2;
				TARGETED_DEVICE_FAMILY = "1,2";
			};
			name = Release;
		};
/* End XCBuildConfiguration section */

/* Begin XCConfigurationList section */
		A4A9C33F223CF37500B5DCAF /* Build configuration list for PBXProject "MovieTime" */ = {
			isa = XCConfigurationList;
			buildConfigurations = (
				A4A9C354223CF37500B5DCAF /* Debug */,
				A4A9C355223CF37500B5DCAF /* Release */,
			);
			defaultConfigurationIsVisible = 0;
			defaultConfigurationName = Release;
		};
		A4A9C356223CF37500B5DCAF /* Build configuration list for PBXNativeTarget "MovieTime" */ = {
			isa = XCConfigurationList;
			buildConfigurations = (
				A4A9C357223CF37500B5DCAF /* Debug */,
				A4A9C358223CF37500B5DCAF /* Release */,
			);
			defaultConfigurationIsVisible = 0;
			defaultConfigurationName = Release;
		};
/* End XCConfigurationList section */
	};
	rootObject = A4A9C33C223CF37500B5DCAF /* Project object */;
}
